// !$*UTF8*$!
{
	archiveVersion = 1;
	classes = {
	};
	objectVersion = 55;
	objects = {

/* Begin PBXBuildFile section */
		5A9D0D091918480A52A009D2 /* Pods_NotesApp.framework in Frameworks */ = {isa = PBXBuildFile; fileRef = 2C45D012F1E946CAFDE16BE9 /* Pods_NotesApp.framework */; };
		653AE6EE1F30E59B942CBFCB /* Pods_NotesAppTests.framework in Frameworks */ = {isa = PBXBuildFile; fileRef = 590B0D7D7143A443D71ABC12 /* Pods_NotesAppTests.framework */; };
		74EB8A3FF67CBE4E4942B0D5 /* Pods_NotesApp_NotesAppUITests.framework in Frameworks */ = {isa = PBXBuildFile; fileRef = CEEE3F29DDAA447C22C3CAD7 /* Pods_NotesApp_NotesAppUITests.framework */; };
		BF3AD2E227FC126300002E53 /* AppDelegate.swift in Sources */ = {isa = PBXBuildFile; fileRef = BF3AD2E127FC126300002E53 /* AppDelegate.swift */; };
		BF3AD2E427FC126300002E53 /* SceneDelegate.swift in Sources */ = {isa = PBXBuildFile; fileRef = BF3AD2E327FC126300002E53 /* SceneDelegate.swift */; };
		BF3AD2E627FC126300002E53 /* ViewController.swift in Sources */ = {isa = PBXBuildFile; fileRef = BF3AD2E527FC126300002E53 /* ViewController.swift */; };
		BF3AD2EB27FC126800002E53 /* Assets.xcassets in Resources */ = {isa = PBXBuildFile; fileRef = BF3AD2EA27FC126800002E53 /* Assets.xcassets */; };
		BF3AD2EE27FC126800002E53 /* LaunchScreen.storyboard in Resources */ = {isa = PBXBuildFile; fileRef = BF3AD2EC27FC126800002E53 /* LaunchScreen.storyboard */; };
		BF3AD2F927FC126900002E53 /* NotesAppTests.swift in Sources */ = {isa = PBXBuildFile; fileRef = BF3AD2F827FC126900002E53 /* NotesAppTests.swift */; };
		BF3AD30327FC126900002E53 /* NotesAppUITests.swift in Sources */ = {isa = PBXBuildFile; fileRef = BF3AD30227FC126900002E53 /* NotesAppUITests.swift */; };
		BF3AD30527FC126900002E53 /* NotesAppUITestsLaunchTests.swift in Sources */ = {isa = PBXBuildFile; fileRef = BF3AD30427FC126900002E53 /* NotesAppUITestsLaunchTests.swift */; };
		BF3AD31627FC1FE900002E53 /* NotesListViewController.swift in Sources */ = {isa = PBXBuildFile; fileRef = BF3AD31527FC1FE900002E53 /* NotesListViewController.swift */; };
		BF3AD31827FC31FD00002E53 /* AddNoteViewController.swift in Sources */ = {isa = PBXBuildFile; fileRef = BF3AD31727FC31FD00002E53 /* AddNoteViewController.swift */; };
		BF7C71C527FD5C8B00723BEE /* Note.swift in Sources */ = {isa = PBXBuildFile; fileRef = BF7C71C427FD5C8B00723BEE /* Note.swift */; };
		BF7C71C827FD67EA00723BEE /* NotesTableViewCell.swift in Sources */ = {isa = PBXBuildFile; fileRef = BF7C71C727FD67EA00723BEE /* NotesTableViewCell.swift */; };
		BF7C71CA27FD9EC100723BEE /* AddNoteTableViewCell.swift in Sources */ = {isa = PBXBuildFile; fileRef = BF7C71C927FD9EC100723BEE /* AddNoteTableViewCell.swift */; };
		FD27422F2800BE870068159B /* Main.storyboard in Resources */ = {isa = PBXBuildFile; fileRef = FD27422D2800BE870068159B /* Main.storyboard */; };
		FDC57F432802C28D008D51CA /* CardView.swift in Sources */ = {isa = PBXBuildFile; fileRef = FDC57F422802C28D008D51CA /* CardView.swift */; };
/* End PBXBuildFile section */

/* Begin PBXContainerItemProxy section */
		BF3AD2F527FC126900002E53 /* PBXContainerItemProxy */ = {
			isa = PBXContainerItemProxy;
			containerPortal = BF3AD2D627FC126300002E53 /* Project object */;
			proxyType = 1;
			remoteGlobalIDString = BF3AD2DD27FC126300002E53;
			remoteInfo = NotesApp;
		};
		BF3AD2FF27FC126900002E53 /* PBXContainerItemProxy */ = {
			isa = PBXContainerItemProxy;
			containerPortal = BF3AD2D627FC126300002E53 /* Project object */;
			proxyType = 1;
			remoteGlobalIDString = BF3AD2DD27FC126300002E53;
			remoteInfo = NotesApp;
		};
/* End PBXContainerItemProxy section */

/* Begin PBXFileReference section */
		0BEEAABBB4E627EC2E270670 /* Pods-NotesApp-NotesAppUITests.debug.xcconfig */ = {isa = PBXFileReference; includeInIndex = 1; lastKnownFileType = text.xcconfig; name = "Pods-NotesApp-NotesAppUITests.debug.xcconfig"; path = "Target Support Files/Pods-NotesApp-NotesAppUITests/Pods-NotesApp-NotesAppUITests.debug.xcconfig"; sourceTree = "<group>"; };
		2C45D012F1E946CAFDE16BE9 /* Pods_NotesApp.framework */ = {isa = PBXFileReference; explicitFileType = wrapper.framework; includeInIndex = 0; path = Pods_NotesApp.framework; sourceTree = BUILT_PRODUCTS_DIR; };
		376871CE6CDCB7D4B9231D62 /* Pods-NotesApp.debug.xcconfig */ = {isa = PBXFileReference; includeInIndex = 1; lastKnownFileType = text.xcconfig; name = "Pods-NotesApp.debug.xcconfig"; path = "Target Support Files/Pods-NotesApp/Pods-NotesApp.debug.xcconfig"; sourceTree = "<group>"; };
		590B0D7D7143A443D71ABC12 /* Pods_NotesAppTests.framework */ = {isa = PBXFileReference; explicitFileType = wrapper.framework; includeInIndex = 0; path = Pods_NotesAppTests.framework; sourceTree = BUILT_PRODUCTS_DIR; };
		5BE362D58D26302D9D29575C /* Pods-NotesAppTests.debug.xcconfig */ = {isa = PBXFileReference; includeInIndex = 1; lastKnownFileType = text.xcconfig; name = "Pods-NotesAppTests.debug.xcconfig"; path = "Target Support Files/Pods-NotesAppTests/Pods-NotesAppTests.debug.xcconfig"; sourceTree = "<group>"; };
		685E979BE45D98AA71DF421A /* Pods-NotesAppTests.release.xcconfig */ = {isa = PBXFileReference; includeInIndex = 1; lastKnownFileType = text.xcconfig; name = "Pods-NotesAppTests.release.xcconfig"; path = "Target Support Files/Pods-NotesAppTests/Pods-NotesAppTests.release.xcconfig"; sourceTree = "<group>"; };
		BF3AD2DE27FC126300002E53 /* NotesApp.app */ = {isa = PBXFileReference; explicitFileType = wrapper.application; includeInIndex = 0; path = NotesApp.app; sourceTree = BUILT_PRODUCTS_DIR; };
		BF3AD2E127FC126300002E53 /* AppDelegate.swift */ = {isa = PBXFileReference; lastKnownFileType = sourcecode.swift; path = AppDelegate.swift; sourceTree = "<group>"; };
		BF3AD2E327FC126300002E53 /* SceneDelegate.swift */ = {isa = PBXFileReference; lastKnownFileType = sourcecode.swift; path = SceneDelegate.swift; sourceTree = "<group>"; };
		BF3AD2E527FC126300002E53 /* ViewController.swift */ = {isa = PBXFileReference; lastKnownFileType = sourcecode.swift; path = ViewController.swift; sourceTree = "<group>"; };
		BF3AD2EA27FC126800002E53 /* Assets.xcassets */ = {isa = PBXFileReference; lastKnownFileType = folder.assetcatalog; path = Assets.xcassets; sourceTree = "<group>"; };
		BF3AD2ED27FC126800002E53 /* Base */ = {isa = PBXFileReference; lastKnownFileType = file.storyboard; name = Base; path = Base.lproj/LaunchScreen.storyboard; sourceTree = "<group>"; };
		BF3AD2EF27FC126800002E53 /* Info.plist */ = {isa = PBXFileReference; lastKnownFileType = text.plist.xml; path = Info.plist; sourceTree = "<group>"; };
		BF3AD2F427FC126900002E53 /* NotesAppTests.xctest */ = {isa = PBXFileReference; explicitFileType = wrapper.cfbundle; includeInIndex = 0; path = NotesAppTests.xctest; sourceTree = BUILT_PRODUCTS_DIR; };
		BF3AD2F827FC126900002E53 /* NotesAppTests.swift */ = {isa = PBXFileReference; lastKnownFileType = sourcecode.swift; path = NotesAppTests.swift; sourceTree = "<group>"; };
		BF3AD2FE27FC126900002E53 /* NotesAppUITests.xctest */ = {isa = PBXFileReference; explicitFileType = wrapper.cfbundle; includeInIndex = 0; path = NotesAppUITests.xctest; sourceTree = BUILT_PRODUCTS_DIR; };
		BF3AD30227FC126900002E53 /* NotesAppUITests.swift */ = {isa = PBXFileReference; lastKnownFileType = sourcecode.swift; path = NotesAppUITests.swift; sourceTree = "<group>"; };
		BF3AD30427FC126900002E53 /* NotesAppUITestsLaunchTests.swift */ = {isa = PBXFileReference; lastKnownFileType = sourcecode.swift; path = NotesAppUITestsLaunchTests.swift; sourceTree = "<group>"; };
		BF3AD31527FC1FE900002E53 /* NotesListViewController.swift */ = {isa = PBXFileReference; lastKnownFileType = sourcecode.swift; path = NotesListViewController.swift; sourceTree = "<group>"; };
		BF3AD31727FC31FD00002E53 /* AddNoteViewController.swift */ = {isa = PBXFileReference; lastKnownFileType = sourcecode.swift; path = AddNoteViewController.swift; sourceTree = "<group>"; };
		BF7C71C427FD5C8B00723BEE /* Note.swift */ = {isa = PBXFileReference; lastKnownFileType = sourcecode.swift; path = Note.swift; sourceTree = "<group>"; };
		BF7C71C727FD67EA00723BEE /* NotesTableViewCell.swift */ = {isa = PBXFileReference; lastKnownFileType = sourcecode.swift; path = NotesTableViewCell.swift; sourceTree = "<group>"; };
		BF7C71C927FD9EC100723BEE /* AddNoteTableViewCell.swift */ = {isa = PBXFileReference; lastKnownFileType = sourcecode.swift; path = AddNoteTableViewCell.swift; sourceTree = "<group>"; };
		CEEE3F29DDAA447C22C3CAD7 /* Pods_NotesApp_NotesAppUITests.framework */ = {isa = PBXFileReference; explicitFileType = wrapper.framework; includeInIndex = 0; path = Pods_NotesApp_NotesAppUITests.framework; sourceTree = BUILT_PRODUCTS_DIR; };
		F5584D5512A1F88DF15AAF8C /* Pods-NotesApp.release.xcconfig */ = {isa = PBXFileReference; includeInIndex = 1; lastKnownFileType = text.xcconfig; name = "Pods-NotesApp.release.xcconfig"; path = "Target Support Files/Pods-NotesApp/Pods-NotesApp.release.xcconfig"; sourceTree = "<group>"; };
		FD27422E2800BE870068159B /* Base */ = {isa = PBXFileReference; lastKnownFileType = file.storyboard; name = Base; path = Base.lproj/Main.storyboard; sourceTree = "<group>"; };
		FD769E1476FFAA6AA94EB3A0 /* Pods-NotesApp-NotesAppUITests.release.xcconfig */ = {isa = PBXFileReference; includeInIndex = 1; lastKnownFileType = text.xcconfig; name = "Pods-NotesApp-NotesAppUITests.release.xcconfig"; path = "Target Support Files/Pods-NotesApp-NotesAppUITests/Pods-NotesApp-NotesAppUITests.release.xcconfig"; sourceTree = "<group>"; };
		FDC57F422802C28D008D51CA /* CardView.swift */ = {isa = PBXFileReference; lastKnownFileType = sourcecode.swift; path = CardView.swift; sourceTree = "<group>"; };
/* End PBXFileReference section */

/* Begin PBXFrameworksBuildPhase section */
		BF3AD2DB27FC126300002E53 /* Frameworks */ = {
			isa = PBXFrameworksBuildPhase;
			buildActionMask = 2147483647;
			files = (
				5A9D0D091918480A52A009D2 /* Pods_NotesApp.framework in Frameworks */,
			);
			runOnlyForDeploymentPostprocessing = 0;
		};
		BF3AD2F127FC126900002E53 /* Frameworks */ = {
			isa = PBXFrameworksBuildPhase;
			buildActionMask = 2147483647;
			files = (
				653AE6EE1F30E59B942CBFCB /* Pods_NotesAppTests.framework in Frameworks */,
			);
			runOnlyForDeploymentPostprocessing = 0;
		};
		BF3AD2FB27FC126900002E53 /* Frameworks */ = {
			isa = PBXFrameworksBuildPhase;
			buildActionMask = 2147483647;
			files = (
				74EB8A3FF67CBE4E4942B0D5 /* Pods_NotesApp_NotesAppUITests.framework in Frameworks */,
			);
			runOnlyForDeploymentPostprocessing = 0;
		};
/* End PBXFrameworksBuildPhase section */

/* Begin PBXGroup section */
		3558FA1C185C5BE657267BE9 /* Pods */ = {
			isa = PBXGroup;
			children = (
				376871CE6CDCB7D4B9231D62 /* Pods-NotesApp.debug.xcconfig */,
				F5584D5512A1F88DF15AAF8C /* Pods-NotesApp.release.xcconfig */,
				0BEEAABBB4E627EC2E270670 /* Pods-NotesApp-NotesAppUITests.debug.xcconfig */,
				FD769E1476FFAA6AA94EB3A0 /* Pods-NotesApp-NotesAppUITests.release.xcconfig */,
				5BE362D58D26302D9D29575C /* Pods-NotesAppTests.debug.xcconfig */,
				685E979BE45D98AA71DF421A /* Pods-NotesAppTests.release.xcconfig */,
			);
			path = Pods;
			sourceTree = "<group>";
		};
		50FDD41A9F7E79BCD110CF76 /* Frameworks */ = {
			isa = PBXGroup;
			children = (
				2C45D012F1E946CAFDE16BE9 /* Pods_NotesApp.framework */,
				CEEE3F29DDAA447C22C3CAD7 /* Pods_NotesApp_NotesAppUITests.framework */,
				590B0D7D7143A443D71ABC12 /* Pods_NotesAppTests.framework */,
			);
			name = Frameworks;
			sourceTree = "<group>";
		};
		BF3AD2D527FC126300002E53 = {
			isa = PBXGroup;
			children = (
				BF3AD2E027FC126300002E53 /* NotesApp */,
				BF3AD2F727FC126900002E53 /* NotesAppTests */,
				BF3AD30127FC126900002E53 /* NotesAppUITests */,
				BF3AD2DF27FC126300002E53 /* Products */,
				3558FA1C185C5BE657267BE9 /* Pods */,
				50FDD41A9F7E79BCD110CF76 /* Frameworks */,
			);
			sourceTree = "<group>";
		};
		BF3AD2DF27FC126300002E53 /* Products */ = {
			isa = PBXGroup;
			children = (
				BF3AD2DE27FC126300002E53 /* NotesApp.app */,
				BF3AD2F427FC126900002E53 /* NotesAppTests.xctest */,
				BF3AD2FE27FC126900002E53 /* NotesAppUITests.xctest */,
			);
			name = Products;
			sourceTree = "<group>";
		};
		BF3AD2E027FC126300002E53 /* NotesApp */ = {
			isa = PBXGroup;
			children = (
				FDC57F3F2802C211008D51CA /* Views */,
				FD2742302800BEC10068159B /* Storyboards */,
				BF7C71C627FD676C00723BEE /* Cell */,
				BF3AD31427FC131A00002E53 /* Controller */,
				BF3AD31327FC12DE00002E53 /* Model */,
				BF3AD2E127FC126300002E53 /* AppDelegate.swift */,
				BF3AD2E327FC126300002E53 /* SceneDelegate.swift */,
				BF3AD2EA27FC126800002E53 /* Assets.xcassets */,
				BF3AD2EF27FC126800002E53 /* Info.plist */,
			);
			path = NotesApp;
			sourceTree = "<group>";
		};
		BF3AD2F727FC126900002E53 /* NotesAppTests */ = {
			isa = PBXGroup;
			children = (
				BF3AD2F827FC126900002E53 /* NotesAppTests.swift */,
			);
			path = NotesAppTests;
			sourceTree = "<group>";
		};
		BF3AD30127FC126900002E53 /* NotesAppUITests */ = {
			isa = PBXGroup;
			children = (
				BF3AD30227FC126900002E53 /* NotesAppUITests.swift */,
				BF3AD30427FC126900002E53 /* NotesAppUITestsLaunchTests.swift */,
			);
			path = NotesAppUITests;
			sourceTree = "<group>";
		};
		BF3AD31327FC12DE00002E53 /* Model */ = {
			isa = PBXGroup;
			children = (
				BF7C71C427FD5C8B00723BEE /* Note.swift */,
			);
			path = Model;
			sourceTree = "<group>";
		};
		BF3AD31427FC131A00002E53 /* Controller */ = {
			isa = PBXGroup;
			children = (
				BF3AD2E527FC126300002E53 /* ViewController.swift */,
				BF3AD31527FC1FE900002E53 /* NotesListViewController.swift */,
				BF3AD31727FC31FD00002E53 /* AddNoteViewController.swift */,
			);
			path = Controller;
			sourceTree = "<group>";
		};
		BF7C71C627FD676C00723BEE /* Cell */ = {
			isa = PBXGroup;
			children = (
				BF7C71C727FD67EA00723BEE /* NotesTableViewCell.swift */,
				BF7C71C927FD9EC100723BEE /* AddNoteTableViewCell.swift */,
			);
			path = Cell;
			sourceTree = "<group>";
		};
		FD2742302800BEC10068159B /* Storyboards */ = {
			isa = PBXGroup;
			children = (
				FD27422D2800BE870068159B /* Main.storyboard */,
				BF3AD2EC27FC126800002E53 /* LaunchScreen.storyboard */,
			);
			path = Storyboards;
			sourceTree = "<group>";
		};
		FDC57F3F2802C211008D51CA /* Views */ = {
			isa = PBXGroup;
			children = (
				FDC57F422802C28D008D51CA /* CardView.swift */,
			);
			path = Views;
			sourceTree = "<group>";
		};
/* End PBXGroup section */

/* Begin PBXNativeTarget section */
		BF3AD2DD27FC126300002E53 /* NotesApp */ = {
			isa = PBXNativeTarget;
			buildConfigurationList = BF3AD30827FC126900002E53 /* Build configuration list for PBXNativeTarget "NotesApp" */;
			buildPhases = (
				70F649510CFFEA56C42E571A /* [CP] Check Pods Manifest.lock */,
				BF3AD2DA27FC126300002E53 /* Sources */,
				BF3AD2DB27FC126300002E53 /* Frameworks */,
				BF3AD2DC27FC126300002E53 /* Resources */,
				6A3C6D1F5FD59DBE404AA6AD /* [CP] Embed Pods Frameworks */,
			);
			buildRules = (
			);
			dependencies = (
			);
			name = NotesApp;
			productName = NotesApp;
			productReference = BF3AD2DE27FC126300002E53 /* NotesApp.app */;
			productType = "com.apple.product-type.application";
		};
		BF3AD2F327FC126900002E53 /* NotesAppTests */ = {
			isa = PBXNativeTarget;
			buildConfigurationList = BF3AD30B27FC126900002E53 /* Build configuration list for PBXNativeTarget "NotesAppTests" */;
			buildPhases = (
				96A997292D7AABD039B2CA3E /* [CP] Check Pods Manifest.lock */,
				BF3AD2F027FC126900002E53 /* Sources */,
				BF3AD2F127FC126900002E53 /* Frameworks */,
				BF3AD2F227FC126900002E53 /* Resources */,
			);
			buildRules = (
			);
			dependencies = (
				BF3AD2F627FC126900002E53 /* PBXTargetDependency */,
			);
			name = NotesAppTests;
			productName = NotesAppTests;
			productReference = BF3AD2F427FC126900002E53 /* NotesAppTests.xctest */;
			productType = "com.apple.product-type.bundle.unit-test";
		};
		BF3AD2FD27FC126900002E53 /* NotesAppUITests */ = {
			isa = PBXNativeTarget;
			buildConfigurationList = BF3AD30E27FC126900002E53 /* Build configuration list for PBXNativeTarget "NotesAppUITests" */;
			buildPhases = (
				29099D6A7E598D54EAB167E1 /* [CP] Check Pods Manifest.lock */,
				BF3AD2FA27FC126900002E53 /* Sources */,
				BF3AD2FB27FC126900002E53 /* Frameworks */,
				BF3AD2FC27FC126900002E53 /* Resources */,
				3933CF4AF55DE3465D418A7C /* [CP] Embed Pods Frameworks */,
			);
			buildRules = (
			);
			dependencies = (
				BF3AD30027FC126900002E53 /* PBXTargetDependency */,
			);
			name = NotesAppUITests;
			productName = NotesAppUITests;
			productReference = BF3AD2FE27FC126900002E53 /* NotesAppUITests.xctest */;
			productType = "com.apple.product-type.bundle.ui-testing";
		};
/* End PBXNativeTarget section */

/* Begin PBXProject section */
		BF3AD2D627FC126300002E53 /* Project object */ = {
			isa = PBXProject;
			attributes = {
				BuildIndependentTargetsInParallel = 1;
				LastSwiftUpdateCheck = 1330;
				LastUpgradeCheck = 1330;
				TargetAttributes = {
					BF3AD2DD27FC126300002E53 = {
						CreatedOnToolsVersion = 13.3;
					};
					BF3AD2F327FC126900002E53 = {
						CreatedOnToolsVersion = 13.3;
						TestTargetID = BF3AD2DD27FC126300002E53;
					};
					BF3AD2FD27FC126900002E53 = {
						CreatedOnToolsVersion = 13.3;
						TestTargetID = BF3AD2DD27FC126300002E53;
					};
				};
			};
			buildConfigurationList = BF3AD2D927FC126300002E53 /* Build configuration list for PBXProject "NotesApp" */;
			compatibilityVersion = "Xcode 13.0";
			developmentRegion = en;
			hasScannedForEncodings = 0;
			knownRegions = (
				en,
				Base,
			);
			mainGroup = BF3AD2D527FC126300002E53;
			productRefGroup = BF3AD2DF27FC126300002E53 /* Products */;
			projectDirPath = "";
			projectRoot = "";
			targets = (
				BF3AD2DD27FC126300002E53 /* NotesApp */,
				BF3AD2F327FC126900002E53 /* NotesAppTests */,
				BF3AD2FD27FC126900002E53 /* NotesAppUITests */,
			);
		};
/* End PBXProject section */

/* Begin PBXResourcesBuildPhase section */
		BF3AD2DC27FC126300002E53 /* Resources */ = {
			isa = PBXResourcesBuildPhase;
			buildActionMask = 2147483647;
			files = (
				BF3AD2EE27FC126800002E53 /* LaunchScreen.storyboard in Resources */,
				BF3AD2EB27FC126800002E53 /* Assets.xcassets in Resources */,
				FD27422F2800BE870068159B /* Main.storyboard in Resources */,
			);
			runOnlyForDeploymentPostprocessing = 0;
		};
		BF3AD2F227FC126900002E53 /* Resources */ = {
			isa = PBXResourcesBuildPhase;
			buildActionMask = 2147483647;
			files = (
			);
			runOnlyForDeploymentPostprocessing = 0;
		};
		BF3AD2FC27FC126900002E53 /* Resources */ = {
			isa = PBXResourcesBuildPhase;
			buildActionMask = 2147483647;
			files = (
			);
			runOnlyForDeploymentPostprocessing = 0;
		};
/* End PBXResourcesBuildPhase section */

/* Begin PBXShellScriptBuildPhase section */
		29099D6A7E598D54EAB167E1 /* [CP] Check Pods Manifest.lock */ = {
			isa = PBXShellScriptBuildPhase;
			buildActionMask = 2147483647;
			files = (
			);
			inputFileListPaths = (
			);
			inputPaths = (
				"${PODS_PODFILE_DIR_PATH}/Podfile.lock",
				"${PODS_ROOT}/Manifest.lock",
			);
			name = "[CP] Check Pods Manifest.lock";
			outputFileListPaths = (
			);
			outputPaths = (
				"$(DERIVED_FILE_DIR)/Pods-NotesApp-NotesAppUITests-checkManifestLockResult.txt",
			);
			runOnlyForDeploymentPostprocessing = 0;
			shellPath = /bin/sh;
			shellScript = "diff \"${PODS_PODFILE_DIR_PATH}/Podfile.lock\" \"${PODS_ROOT}/Manifest.lock\" > /dev/null\nif [ $? != 0 ] ; then\n    # print error to STDERR\n    echo \"error: The sandbox is not in sync with the Podfile.lock. Run 'pod install' or update your CocoaPods installation.\" >&2\n    exit 1\nfi\n# This output is used by Xcode 'outputs' to avoid re-running this script phase.\necho \"SUCCESS\" > \"${SCRIPT_OUTPUT_FILE_0}\"\n";
			showEnvVarsInLog = 0;
		};
		3933CF4AF55DE3465D418A7C /* [CP] Embed Pods Frameworks */ = {
			isa = PBXShellScriptBuildPhase;
			buildActionMask = 2147483647;
			files = (
			);
			inputFileListPaths = (
				"${PODS_ROOT}/Target Support Files/Pods-NotesApp-NotesAppUITests/Pods-NotesApp-NotesAppUITests-frameworks-${CONFIGURATION}-input-files.xcfilelist",
			);
			name = "[CP] Embed Pods Frameworks";
			outputFileListPaths = (
				"${PODS_ROOT}/Target Support Files/Pods-NotesApp-NotesAppUITests/Pods-NotesApp-NotesAppUITests-frameworks-${CONFIGURATION}-output-files.xcfilelist",
			);
			runOnlyForDeploymentPostprocessing = 0;
			shellPath = /bin/sh;
			shellScript = "\"${PODS_ROOT}/Target Support Files/Pods-NotesApp-NotesAppUITests/Pods-NotesApp-NotesAppUITests-frameworks.sh\"\n";
			showEnvVarsInLog = 0;
		};
		6A3C6D1F5FD59DBE404AA6AD /* [CP] Embed Pods Frameworks */ = {
			isa = PBXShellScriptBuildPhase;
			buildActionMask = 2147483647;
			files = (
			);
			inputFileListPaths = (
				"${PODS_ROOT}/Target Support Files/Pods-NotesApp/Pods-NotesApp-frameworks-${CONFIGURATION}-input-files.xcfilelist",
			);
			name = "[CP] Embed Pods Frameworks";
			outputFileListPaths = (
				"${PODS_ROOT}/Target Support Files/Pods-NotesApp/Pods-NotesApp-frameworks-${CONFIGURATION}-output-files.xcfilelist",
			);
			runOnlyForDeploymentPostprocessing = 0;
			shellPath = /bin/sh;
			shellScript = "\"${PODS_ROOT}/Target Support Files/Pods-NotesApp/Pods-NotesApp-frameworks.sh\"\n";
			showEnvVarsInLog = 0;
		};
		70F649510CFFEA56C42E571A /* [CP] Check Pods Manifest.lock */ = {
			isa = PBXShellScriptBuildPhase;
			buildActionMask = 2147483647;
			files = (
			);
			inputFileListPaths = (
			);
			inputPaths = (
				"${PODS_PODFILE_DIR_PATH}/Podfile.lock",
				"${PODS_ROOT}/Manifest.lock",
			);
			name = "[CP] Check Pods Manifest.lock";
			outputFileListPaths = (
			);
			outputPaths = (
				"$(DERIVED_FILE_DIR)/Pods-NotesApp-checkManifestLockResult.txt",
			);
			runOnlyForDeploymentPostprocessing = 0;
			shellPath = /bin/sh;
			shellScript = "diff \"${PODS_PODFILE_DIR_PATH}/Podfile.lock\" \"${PODS_ROOT}/Manifest.lock\" > /dev/null\nif [ $? != 0 ] ; then\n    # print error to STDERR\n    echo \"error: The sandbox is not in sync with the Podfile.lock. Run 'pod install' or update your CocoaPods installation.\" >&2\n    exit 1\nfi\n# This output is used by Xcode 'outputs' to avoid re-running this script phase.\necho \"SUCCESS\" > \"${SCRIPT_OUTPUT_FILE_0}\"\n";
			showEnvVarsInLog = 0;
		};
		96A997292D7AABD039B2CA3E /* [CP] Check Pods Manifest.lock */ = {
			isa = PBXShellScriptBuildPhase;
			buildActionMask = 2147483647;
			files = (
			);
			inputFileListPaths = (
			);
			inputPaths = (
				"${PODS_PODFILE_DIR_PATH}/Podfile.lock",
				"${PODS_ROOT}/Manifest.lock",
			);
			name = "[CP] Check Pods Manifest.lock";
			outputFileListPaths = (
			);
			outputPaths = (
				"$(DERIVED_FILE_DIR)/Pods-NotesAppTests-checkManifestLockResult.txt",
			);
			runOnlyForDeploymentPostprocessing = 0;
			shellPath = /bin/sh;
			shellScript = "diff \"${PODS_PODFILE_DIR_PATH}/Podfile.lock\" \"${PODS_ROOT}/Manifest.lock\" > /dev/null\nif [ $? != 0 ] ; then\n    # print error to STDERR\n    echo \"error: The sandbox is not in sync with the Podfile.lock. Run 'pod install' or update your CocoaPods installation.\" >&2\n    exit 1\nfi\n# This output is used by Xcode 'outputs' to avoid re-running this script phase.\necho \"SUCCESS\" > \"${SCRIPT_OUTPUT_FILE_0}\"\n";
			showEnvVarsInLog = 0;
		};
/* End PBXShellScriptBuildPhase section */

/* Begin PBXSourcesBuildPhase section */
		BF3AD2DA27FC126300002E53 /* Sources */ = {
			isa = PBXSourcesBuildPhase;
			buildActionMask = 2147483647;
			files = (
				BF3AD31627FC1FE900002E53 /* NotesListViewController.swift in Sources */,
				FDC57F432802C28D008D51CA /* CardView.swift in Sources */,
				BF3AD2E627FC126300002E53 /* ViewController.swift in Sources */,
				BF3AD2E227FC126300002E53 /* AppDelegate.swift in Sources */,
				BF3AD31827FC31FD00002E53 /* AddNoteViewController.swift in Sources */,
				BF3AD2E427FC126300002E53 /* SceneDelegate.swift in Sources */,
				BF7C71C827FD67EA00723BEE /* NotesTableViewCell.swift in Sources */,
				BF7C71C527FD5C8B00723BEE /* Note.swift in Sources */,
				BF7C71CA27FD9EC100723BEE /* AddNoteTableViewCell.swift in Sources */,
			);
			runOnlyForDeploymentPostprocessing = 0;
		};
		BF3AD2F027FC126900002E53 /* Sources */ = {
			isa = PBXSourcesBuildPhase;
			buildActionMask = 2147483647;
			files = (
				BF3AD2F927FC126900002E53 /* NotesAppTests.swift in Sources */,
			);
			runOnlyForDeploymentPostprocessing = 0;
		};
		BF3AD2FA27FC126900002E53 /* Sources */ = {
			isa = PBXSourcesBuildPhase;
			buildActionMask = 2147483647;
			files = (
				BF3AD30527FC126900002E53 /* NotesAppUITestsLaunchTests.swift in Sources */,
				BF3AD30327FC126900002E53 /* NotesAppUITests.swift in Sources */,
			);
			runOnlyForDeploymentPostprocessing = 0;
		};
/* End PBXSourcesBuildPhase section */

/* Begin PBXTargetDependency section */
		BF3AD2F627FC126900002E53 /* PBXTargetDependency */ = {
			isa = PBXTargetDependency;
			target = BF3AD2DD27FC126300002E53 /* NotesApp */;
			targetProxy = BF3AD2F527FC126900002E53 /* PBXContainerItemProxy */;
		};
		BF3AD30027FC126900002E53 /* PBXTargetDependency */ = {
			isa = PBXTargetDependency;
			target = BF3AD2DD27FC126300002E53 /* NotesApp */;
			targetProxy = BF3AD2FF27FC126900002E53 /* PBXContainerItemProxy */;
		};
/* End PBXTargetDependency section */

/* Begin PBXVariantGroup section */
		BF3AD2EC27FC126800002E53 /* LaunchScreen.storyboard */ = {
			isa = PBXVariantGroup;
			children = (
				BF3AD2ED27FC126800002E53 /* Base */,
			);
			name = LaunchScreen.storyboard;
			sourceTree = "<group>";
		};
		FD27422D2800BE870068159B /* Main.storyboard */ = {
			isa = PBXVariantGroup;
			children = (
				FD27422E2800BE870068159B /* Base */,
			);
			name = Main.storyboard;
			sourceTree = "<group>";
		};
/* End PBXVariantGroup section */

/* Begin XCBuildConfiguration section */
		BF3AD30627FC126900002E53 /* Debug */ = {
			isa = XCBuildConfiguration;
			buildSettings = {
				ALWAYS_SEARCH_USER_PATHS = NO;
				CLANG_ANALYZER_NONNULL = YES;
				CLANG_ANALYZER_NUMBER_OBJECT_CONVERSION = YES_AGGRESSIVE;
				CLANG_CXX_LANGUAGE_STANDARD = "gnu++17";
				CLANG_ENABLE_MODULES = YES;
				CLANG_ENABLE_OBJC_ARC = YES;
				CLANG_ENABLE_OBJC_WEAK = YES;
				CLANG_WARN_BLOCK_CAPTURE_AUTORELEASING = YES;
				CLANG_WARN_BOOL_CONVERSION = YES;
				CLANG_WARN_COMMA = YES;
				CLANG_WARN_CONSTANT_CONVERSION = YES;
				CLANG_WARN_DEPRECATED_OBJC_IMPLEMENTATIONS = YES;
				CLANG_WARN_DIRECT_OBJC_ISA_USAGE = YES_ERROR;
				CLANG_WARN_DOCUMENTATION_COMMENTS = YES;
				CLANG_WARN_EMPTY_BODY = YES;
				CLANG_WARN_ENUM_CONVERSION = YES;
				CLANG_WARN_INFINITE_RECURSION = YES;
				CLANG_WARN_INT_CONVERSION = YES;
				CLANG_WARN_NON_LITERAL_NULL_CONVERSION = YES;
				CLANG_WARN_OBJC_IMPLICIT_RETAIN_SELF = YES;
				CLANG_WARN_OBJC_LITERAL_CONVERSION = YES;
				CLANG_WARN_OBJC_ROOT_CLASS = YES_ERROR;
				CLANG_WARN_QUOTED_INCLUDE_IN_FRAMEWORK_HEADER = YES;
				CLANG_WARN_RANGE_LOOP_ANALYSIS = YES;
				CLANG_WARN_STRICT_PROTOTYPES = YES;
				CLANG_WARN_SUSPICIOUS_MOVE = YES;
				CLANG_WARN_UNGUARDED_AVAILABILITY = YES_AGGRESSIVE;
				CLANG_WARN_UNREACHABLE_CODE = YES;
				CLANG_WARN__DUPLICATE_METHOD_MATCH = YES;
				COPY_PHASE_STRIP = NO;
				DEBUG_INFORMATION_FORMAT = dwarf;
				ENABLE_STRICT_OBJC_MSGSEND = YES;
				ENABLE_TESTABILITY = YES;
				GCC_C_LANGUAGE_STANDARD = gnu11;
				GCC_DYNAMIC_NO_PIC = NO;
				GCC_NO_COMMON_BLOCKS = YES;
				GCC_OPTIMIZATION_LEVEL = 0;
				GCC_PREPROCESSOR_DEFINITIONS = (
					"DEBUG=1",
					"$(inherited)",
				);
				GCC_WARN_64_TO_32_BIT_CONVERSION = YES;
				GCC_WARN_ABOUT_RETURN_TYPE = YES_ERROR;
				GCC_WARN_UNDECLARED_SELECTOR = YES;
				GCC_WARN_UNINITIALIZED_AUTOS = YES_AGGRESSIVE;
				GCC_WARN_UNUSED_FUNCTION = YES;
				GCC_WARN_UNUSED_VARIABLE = YES;
				INFOPLIST_FILE = NotesApp/Info.plist;
				IPHONEOS_DEPLOYMENT_TARGET = 12.0;
				MTL_ENABLE_DEBUG_INFO = INCLUDE_SOURCE;
				MTL_FAST_MATH = YES;
				ONLY_ACTIVE_ARCH = YES;
				PRODUCT_NAME = NotesApp;
				SDKROOT = iphoneos;
				SWIFT_ACTIVE_COMPILATION_CONDITIONS = DEBUG;
				SWIFT_OPTIMIZATION_LEVEL = "-Onone";
			};
			name = Debug;
		};
		BF3AD30727FC126900002E53 /* Release */ = {
			isa = XCBuildConfiguration;
			buildSettings = {
				ALWAYS_SEARCH_USER_PATHS = NO;
				CLANG_ANALYZER_NONNULL = YES;
				CLANG_ANALYZER_NUMBER_OBJECT_CONVERSION = YES_AGGRESSIVE;
				CLANG_CXX_LANGUAGE_STANDARD = "gnu++17";
				CLANG_ENABLE_MODULES = YES;
				CLANG_ENABLE_OBJC_ARC = YES;
				CLANG_ENABLE_OBJC_WEAK = YES;
				CLANG_WARN_BLOCK_CAPTURE_AUTORELEASING = YES;
				CLANG_WARN_BOOL_CONVERSION = YES;
				CLANG_WARN_COMMA = YES;
				CLANG_WARN_CONSTANT_CONVERSION = YES;
				CLANG_WARN_DEPRECATED_OBJC_IMPLEMENTATIONS = YES;
				CLANG_WARN_DIRECT_OBJC_ISA_USAGE = YES_ERROR;
				CLANG_WARN_DOCUMENTATION_COMMENTS = YES;
				CLANG_WARN_EMPTY_BODY = YES;
				CLANG_WARN_ENUM_CONVERSION = YES;
				CLANG_WARN_INFINITE_RECURSION = YES;
				CLANG_WARN_INT_CONVERSION = YES;
				CLANG_WARN_NON_LITERAL_NULL_CONVERSION = YES;
				CLANG_WARN_OBJC_IMPLICIT_RETAIN_SELF = YES;
				CLANG_WARN_OBJC_LITERAL_CONVERSION = YES;
				CLANG_WARN_OBJC_ROOT_CLASS = YES_ERROR;
				CLANG_WARN_QUOTED_INCLUDE_IN_FRAMEWORK_HEADER = YES;
				CLANG_WARN_RANGE_LOOP_ANALYSIS = YES;
				CLANG_WARN_STRICT_PROTOTYPES = YES;
				CLANG_WARN_SUSPICIOUS_MOVE = YES;
				CLANG_WARN_UNGUARDED_AVAILABILITY = YES_AGGRESSIVE;
				CLANG_WARN_UNREACHABLE_CODE = YES;
				CLANG_WARN__DUPLICATE_METHOD_MATCH = YES;
				COPY_PHASE_STRIP = NO;
				DEBUG_INFORMATION_FORMAT = "dwarf-with-dsym";
				ENABLE_NS_ASSERTIONS = NO;
				ENABLE_STRICT_OBJC_MSGSEND = YES;
				GCC_C_LANGUAGE_STANDARD = gnu11;
				GCC_NO_COMMON_BLOCKS = YES;
				GCC_WARN_64_TO_32_BIT_CONVERSION = YES;
				GCC_WARN_ABOUT_RETURN_TYPE = YES_ERROR;
				GCC_WARN_UNDECLARED_SELECTOR = YES;
				GCC_WARN_UNINITIALIZED_AUTOS = YES_AGGRESSIVE;
				GCC_WARN_UNUSED_FUNCTION = YES;
				GCC_WARN_UNUSED_VARIABLE = YES;
				INFOPLIST_FILE = NotesApp/Info.plist;
				IPHONEOS_DEPLOYMENT_TARGET = 12.0;
				MTL_ENABLE_DEBUG_INFO = NO;
				MTL_FAST_MATH = YES;
				PRODUCT_NAME = NotesApp;
				SDKROOT = iphoneos;
				SWIFT_COMPILATION_MODE = wholemodule;
				SWIFT_OPTIMIZATION_LEVEL = "-O";
				VALIDATE_PRODUCT = YES;
			};
			name = Release;
		};
		BF3AD30927FC126900002E53 /* Debug */ = {
			isa = XCBuildConfiguration;
			baseConfigurationReference = 376871CE6CDCB7D4B9231D62 /* Pods-NotesApp.debug.xcconfig */;
			buildSettings = {
				ASSETCATALOG_COMPILER_APPICON_NAME = AppIcon;
				ASSETCATALOG_COMPILER_GLOBAL_ACCENT_COLOR_NAME = AccentColor;
				ASSETCATALOG_COMPILER_INCLUDE_ALL_APPICON_ASSETS = YES;
				CODE_SIGN_IDENTITY = "Apple Development";
				CODE_SIGN_STYLE = Automatic;
				CURRENT_PROJECT_VERSION = 1;
				DEVELOPMENT_TEAM = "";
				GENERATE_INFOPLIST_FILE = YES;
				INFOPLIST_FILE = NotesApp/Info.plist;
				INFOPLIST_KEY_CFBundleDisplayName = NotesApp;
				INFOPLIST_KEY_UIApplicationSupportsIndirectInputEvents = YES;
				INFOPLIST_KEY_UILaunchStoryboardName = LaunchScreen;
				INFOPLIST_KEY_UIMainStoryboardFile = Main;
				INFOPLIST_KEY_UISupportedInterfaceOrientations_iPad = "UIInterfaceOrientationPortrait UIInterfaceOrientationPortraitUpsideDown UIInterfaceOrientationLandscapeLeft UIInterfaceOrientationLandscapeRight";
				INFOPLIST_KEY_UISupportedInterfaceOrientations_iPhone = "UIInterfaceOrientationPortrait UIInterfaceOrientationLandscapeLeft UIInterfaceOrientationLandscapeRight";
				LD_RUNPATH_SEARCH_PATHS = (
					"$(inherited)",
					"@executable_path/Frameworks",
				);
				MARKETING_VERSION = 1.0;
				PRODUCT_BUNDLE_IDENTIFIER = com.rehnuma.NotesApp;
				PRODUCT_NAME = "$(TARGET_NAME)";
				PROVISIONING_PROFILE_SPECIFIER = "";
				SWIFT_EMIT_LOC_STRINGS = YES;
				SWIFT_VERSION = 5.0;
				TARGETED_DEVICE_FAMILY = "1,2";
			};
			name = Debug;
		};
		BF3AD30A27FC126900002E53 /* Release */ = {
			isa = XCBuildConfiguration;
			baseConfigurationReference = F5584D5512A1F88DF15AAF8C /* Pods-NotesApp.release.xcconfig */;
			buildSettings = {
				ASSETCATALOG_COMPILER_APPICON_NAME = AppIcon;
				ASSETCATALOG_COMPILER_GLOBAL_ACCENT_COLOR_NAME = AccentColor;
				ASSETCATALOG_COMPILER_INCLUDE_ALL_APPICON_ASSETS = YES;
				CODE_SIGN_IDENTITY = "Apple Development";
				CODE_SIGN_STYLE = Automatic;
				CURRENT_PROJECT_VERSION = 1;
				DEVELOPMENT_TEAM = "";
				GENERATE_INFOPLIST_FILE = YES;
				INFOPLIST_FILE = NotesApp/Info.plist;
				INFOPLIST_KEY_CFBundleDisplayName = NotesApp;
				INFOPLIST_KEY_UIApplicationSupportsIndirectInputEvents = YES;
				INFOPLIST_KEY_UILaunchStoryboardName = LaunchScreen;
				INFOPLIST_KEY_UIMainStoryboardFile = Main;
				INFOPLIST_KEY_UISupportedInterfaceOrientations_iPad = "UIInterfaceOrientationPortrait UIInterfaceOrientationPortraitUpsideDown UIInterfaceOrientationLandscapeLeft UIInterfaceOrientationLandscapeRight";
				INFOPLIST_KEY_UISupportedInterfaceOrientations_iPhone = "UIInterfaceOrientationPortrait UIInterfaceOrientationLandscapeLeft UIInterfaceOrientationLandscapeRight";
				LD_RUNPATH_SEARCH_PATHS = (
					"$(inherited)",
					"@executable_path/Frameworks",
				);
				MARKETING_VERSION = 1.0;
				PRODUCT_BUNDLE_IDENTIFIER = com.rehnuma.NotesApp;
				PRODUCT_NAME = "$(TARGET_NAME)";
				PROVISIONING_PROFILE_SPECIFIER = "";
				SWIFT_EMIT_LOC_STRINGS = YES;
				SWIFT_VERSION = 5.0;
				TARGETED_DEVICE_FAMILY = "1,2";
			};
			name = Release;
		};
		BF3AD30C27FC126900002E53 /* Debug */ = {
			isa = XCBuildConfiguration;
			baseConfigurationReference = 5BE362D58D26302D9D29575C /* Pods-NotesAppTests.debug.xcconfig */;
			buildSettings = {
				ALWAYS_EMBED_SWIFT_STANDARD_LIBRARIES = YES;
				BUNDLE_LOADER = "$(TEST_HOST)";
				CODE_SIGN_STYLE = Automatic;
				CURRENT_PROJECT_VERSION = 1;
				GENERATE_INFOPLIST_FILE = YES;
				IPHONEOS_DEPLOYMENT_TARGET = 15.4;
				MARKETING_VERSION = 1.0;
				PRODUCT_BUNDLE_IDENTIFIER = com.rehnuma.NotesAppTests;
				PRODUCT_NAME = "$(TARGET_NAME)";
				SWIFT_EMIT_LOC_STRINGS = NO;
				SWIFT_VERSION = 5.0;
				TARGETED_DEVICE_FAMILY = "1,2";
				TEST_HOST = "$(BUILT_PRODUCTS_DIR)/NotesApp.app/NotesApp";
			};
			name = Debug;
		};
		BF3AD30D27FC126900002E53 /* Release */ = {
			isa = XCBuildConfiguration;
			baseConfigurationReference = 685E979BE45D98AA71DF421A /* Pods-NotesAppTests.release.xcconfig */;
			buildSettings = {
				ALWAYS_EMBED_SWIFT_STANDARD_LIBRARIES = YES;
				BUNDLE_LOADER = "$(TEST_HOST)";
				CODE_SIGN_STYLE = Automatic;
				CURRENT_PROJECT_VERSION = 1;
				GENERATE_INFOPLIST_FILE = YES;
				IPHONEOS_DEPLOYMENT_TARGET = 15.4;
				MARKETING_VERSION = 1.0;
				PRODUCT_BUNDLE_IDENTIFIER = com.rehnuma.NotesAppTests;
				PRODUCT_NAME = "$(TARGET_NAME)";
				SWIFT_EMIT_LOC_STRINGS = NO;
				SWIFT_VERSION = 5.0;
				TARGETED_DEVICE_FAMILY = "1,2";
				TEST_HOST = "$(BUILT_PRODUCTS_DIR)/NotesApp.app/NotesApp";
			};
			name = Release;
		};
		BF3AD30F27FC126900002E53 /* Debug */ = {
			isa = XCBuildConfiguration;
			baseConfigurationReference = 0BEEAABBB4E627EC2E270670 /* Pods-NotesApp-NotesAppUITests.debug.xcconfig */;
			buildSettings = {
				ALWAYS_EMBED_SWIFT_STANDARD_LIBRARIES = YES;
				CODE_SIGN_STYLE = Automatic;
				CURRENT_PROJECT_VERSION = 1;
				GENERATE_INFOPLIST_FILE = YES;
				MARKETING_VERSION = 1.0;
				PRODUCT_BUNDLE_IDENTIFIER = com.rehnuma.NotesAppUITests;
				PRODUCT_NAME = "$(TARGET_NAME)";
				SWIFT_EMIT_LOC_STRINGS = NO;
				SWIFT_VERSION = 5.0;
				TARGETED_DEVICE_FAMILY = "1,2";
				TEST_TARGET_NAME = NotesApp;
			};
			name = Debug;
		};
		BF3AD31027FC126900002E53 /* Release */ = {
			isa = XCBuildConfiguration;
			baseConfigurationReference = FD769E1476FFAA6AA94EB3A0 /* Pods-NotesApp-NotesAppUITests.release.xcconfig */;
			buildSettings = {
				ALWAYS_EMBED_SWIFT_STANDARD_LIBRARIES = YES;
				CODE_SIGN_STYLE = Automatic;
				CURRENT_PROJECT_VERSION = 1;
				GENERATE_INFOPLIST_FILE = YES;
				MARKETING_VERSION = 1.0;
				PRODUCT_BUNDLE_IDENTIFIER = com.rehnuma.NotesAppUITests;
				PRODUCT_NAME = "$(TARGET_NAME)";
				SWIFT_EMIT_LOC_STRINGS = NO;
				SWIFT_VERSION = 5.0;
				TARGETED_DEVICE_FAMILY = "1,2";
				TEST_TARGET_NAME = NotesApp;
			};
			name = Release;
		};
/* End XCBuildConfiguration section */

/* Begin XCConfigurationList section */
		BF3AD2D927FC126300002E53 /* Build configuration list for PBXProject "NotesApp" */ = {
			isa = XCConfigurationList;
			buildConfigurations = (
				BF3AD30627FC126900002E53 /* Debug */,
				BF3AD30727FC126900002E53 /* Release */,
			);
			defaultConfigurationIsVisible = 0;
			defaultConfigurationName = Release;
		};
		BF3AD30827FC126900002E53 /* Build configuration list for PBXNativeTarget "NotesApp" */ = {
			isa = XCConfigurationList;
			buildConfigurations = (
				BF3AD30927FC126900002E53 /* Debug */,
				BF3AD30A27FC126900002E53 /* Release */,
			);
			defaultConfigurationIsVisible = 0;
			defaultConfigurationName = Release;
		};
		BF3AD30B27FC126900002E53 /* Build configuration list for PBXNativeTarget "NotesAppTests" */ = {
			isa = XCConfigurationList;
			buildConfigurations = (
				BF3AD30C27FC126900002E53 /* Debug */,
				BF3AD30D27FC126900002E53 /* Release */,
			);
			defaultConfigurationIsVisible = 0;
			defaultConfigurationName = Release;
		};
		BF3AD30E27FC126900002E53 /* Build configuration list for PBXNativeTarget "NotesAppUITests" */ = {
			isa = XCConfigurationList;
			buildConfigurations = (
				BF3AD30F27FC126900002E53 /* Debug */,
				BF3AD31027FC126900002E53 /* Release */,
			);
			defaultConfigurationIsVisible = 0;
			defaultConfigurationName = Release;
		};
/* End XCConfigurationList section */
	};
	rootObject = BF3AD2D627FC126300002E53 /* Project object */;
}
